PODS:
  - Alamofire (5.2.0)
  - YoutubePlayer-in-WKWebView (0.3.4)

DEPENDENCIES:
  - Alamofire (~> 5.2)
  - YoutubePlayer-in-WKWebView (~> 0.3.0)

SPEC REPOS:
  https://github.com/cocoapods/specs.git:
    - Alamofire
    - YoutubePlayer-in-WKWebView

SPEC CHECKSUMS:
  Alamofire: c1ca147559e730bfb2182c8c7aafbdd90a867987
  YoutubePlayer-in-WKWebView: af2f5929fc78882d94bfdfeea999b661b78d9717

PODFILE CHECKSUM: cfe58a91e176ea6bb5ac46432476dfe18b3b2ec0

COCOAPODS: 1.5.2
