// !$*UTF8*$!
{
	archiveVersion = 1;
	classes = {
	};
	objectVersion = 50;
	objects = {

/* Begin PBXBuildFile section */
		6A1375C22433D09E0086113D /* AppDelegate.swift in Sources */ = {isa = PBXBuildFile; fileRef = 6A1375C12433D09E0086113D /* AppDelegate.swift */; };
		6A1375C42433D09E0086113D /* SceneDelegate.swift in Sources */ = {isa = PBXBuildFile; fileRef = 6A1375C32433D09E0086113D /* SceneDelegate.swift */; };
		6A1375C62433D09E0086113D /* SearchMusicViewController.swift in Sources */ = {isa = PBXBuildFile; fileRef = 6A1375C52433D09E0086113D /* SearchMusicViewController.swift */; };
		6A1375C92433D09E0086113D /* Main.storyboard in Resources */ = {isa = PBXBuildFile; fileRef = 6A1375C72433D09E0086113D /* Main.storyboard */; };
		6A1375CB2433D09F0086113D /* Assets.xcassets in Resources */ = {isa = PBXBuildFile; fileRef = 6A1375CA2433D09F0086113D /* Assets.xcassets */; };
		6A1375CE2433D09F0086113D /* LaunchScreen.storyboard in Resources */ = {isa = PBXBuildFile; fileRef = 6A1375CC2433D09F0086113D /* LaunchScreen.storyboard */; };
		6A1375D62433D0D80086113D /* SearchConnection.swift in Sources */ = {isa = PBXBuildFile; fileRef = 6A1375D52433D0D80086113D /* SearchConnection.swift */; };
		6A1375DE2433F7370086113D /* AlbumModel.swift in Sources */ = {isa = PBXBuildFile; fileRef = 6A1375DD2433F7370086113D /* AlbumModel.swift */; };
		6A41657A2457FB2E00910513 /* WelcomeViewController.swift in Sources */ = {isa = PBXBuildFile; fileRef = 6A4165792457FB2E00910513 /* WelcomeViewController.swift */; };
		6A41657C2458EF0D00910513 /* SelectedSectionViewController.swift in Sources */ = {isa = PBXBuildFile; fileRef = 6A41657B2458EF0C00910513 /* SelectedSectionViewController.swift */; };
		6A41657E2458FC9B00910513 /* SelectedSectionTableViewCell.swift in Sources */ = {isa = PBXBuildFile; fileRef = 6A41657D2458FC9B00910513 /* SelectedSectionTableViewCell.swift */; };
		6A433FBA2464F7C700966F2A /* TabBarViewController.swift in Sources */ = {isa = PBXBuildFile; fileRef = 6A433FB92464F7C700966F2A /* TabBarViewController.swift */; };
		6A464B0824564E0F00720D79 /* TopHitsTableViewCell.swift in Sources */ = {isa = PBXBuildFile; fileRef = 6A464B0724564E0F00720D79 /* TopHitsTableViewCell.swift */; };
		6A48ECC424366485007A82D6 /* FutureMuviesModel.swift in Sources */ = {isa = PBXBuildFile; fileRef = 6A48ECC324366485007A82D6 /* FutureMuviesModel.swift */; };
		6A48ECC624366802007A82D6 /* MuviesModel.swift in Sources */ = {isa = PBXBuildFile; fileRef = 6A48ECC524366802007A82D6 /* MuviesModel.swift */; };
		6A4923F7245B3516008B8911 /* WebKit.framework in Frameworks */ = {isa = PBXBuildFile; fileRef = 6A5FFEF0244D4E61006382DD /* WebKit.framework */; };
		6A4923FA245B3518008B8911 /* Pods_iTunes_Search.framework in Frameworks */ = {isa = PBXBuildFile; fileRef = 34D4A304F8316D1B993148DF /* Pods_iTunes_Search.framework */; };
		6A4FD82D244B8D37000A8533 /* YouTubeViewController.swift in Sources */ = {isa = PBXBuildFile; fileRef = 6A4FD82C244B8D37000A8533 /* YouTubeViewController.swift */; };
		6A51B847245F7CCC00F72DAF /* VideoPlayerClass.swift in Sources */ = {isa = PBXBuildFile; fileRef = 6A51B846245F7CCC00F72DAF /* VideoPlayerClass.swift */; };
		6A5227D22453AABA00D77850 /* AddSelectedMusicToWaveViewController.swift in Sources */ = {isa = PBXBuildFile; fileRef = 6A5227D12453AABA00D77850 /* AddSelectedMusicToWaveViewController.swift */; };
		6A5227D42453CEAE00D77850 /* MyLibraryTableViewCell.swift in Sources */ = {isa = PBXBuildFile; fileRef = 6A5227D32453CEAE00D77850 /* MyLibraryTableViewCell.swift */; };
		6A5227D62453DB4D00D77850 /* MyLibraryViewController.swift in Sources */ = {isa = PBXBuildFile; fileRef = 6A5227D52453DB4D00D77850 /* MyLibraryViewController.swift */; };
		6A5628602454B38200CCEB63 /* MainLibrariMusciTableViewCell.swift in Sources */ = {isa = PBXBuildFile; fileRef = 6A56285F2454B38200CCEB63 /* MainLibrariMusciTableViewCell.swift */; };
		6A568CAC245A8C9F00487EDF /* SelectedCoutryCollectionViewCell.swift in Sources */ = {isa = PBXBuildFile; fileRef = 6A568CAB245A8C9F00487EDF /* SelectedCoutryCollectionViewCell.swift */; };
		6A5A0CD82447DB0A005150D2 /* GenreModel.swift in Sources */ = {isa = PBXBuildFile; fileRef = 6A5A0CD72447DB0A005150D2 /* GenreModel.swift */; };
		6A5A0CDA2448CFB7005150D2 /* GenreListViewController.swift in Sources */ = {isa = PBXBuildFile; fileRef = 6A5A0CD92448CFB7005150D2 /* GenreListViewController.swift */; };
		6A5A0CDC2448DCE7005150D2 /* GenreModelService.swift in Sources */ = {isa = PBXBuildFile; fileRef = 6A5A0CDB2448DCE7005150D2 /* GenreModelService.swift */; };
		6A5A0CDE244969AE005150D2 /* YouTubeVideoModel.swift in Sources */ = {isa = PBXBuildFile; fileRef = 6A5A0CDD244969AE005150D2 /* YouTubeVideoModel.swift */; };
		6A5A0CE0244970D1005150D2 /* YouTubeVideoConnectionModel.swift in Sources */ = {isa = PBXBuildFile; fileRef = 6A5A0CDF244970D1005150D2 /* YouTubeVideoConnectionModel.swift */; };
		6A5A0CE2244971E0005150D2 /* GenreVideoTableViewCell.swift in Sources */ = {isa = PBXBuildFile; fileRef = 6A5A0CE1244971E0005150D2 /* GenreVideoTableViewCell.swift */; };
		6A66CFD124734514004B0C44 /* TopHitsCollectionViewCell.swift in Sources */ = {isa = PBXBuildFile; fileRef = 6A66CFD024734514004B0C44 /* TopHitsCollectionViewCell.swift */; };
		6A66CFD324734522004B0C44 /* RecentPlayedCollectionViewCell.swift in Sources */ = {isa = PBXBuildFile; fileRef = 6A66CFD224734522004B0C44 /* RecentPlayedCollectionViewCell.swift */; };
		6A66CFD52474A698004B0C44 /* FetchRecentPlayedVideo.swift in Sources */ = {isa = PBXBuildFile; fileRef = 6A66CFD42474A698004B0C44 /* FetchRecentPlayedVideo.swift */; };
		6ABBC281245B822D002565E2 /* CardViewController.swift in Sources */ = {isa = PBXBuildFile; fileRef = 6ABBC27F245B822D002565E2 /* CardViewController.swift */; };
		6ABBC282245B822D002565E2 /* CardViewController.xib in Resources */ = {isa = PBXBuildFile; fileRef = 6ABBC280245B822D002565E2 /* CardViewController.xib */; };
		6ABFE2272439099C000217B5 /* GenresCollectionViewCell.swift in Sources */ = {isa = PBXBuildFile; fileRef = 6ABFE2262439099C000217B5 /* GenresCollectionViewCell.swift */; };
		6ABFE229243909DD000217B5 /* GenresViewController.swift in Sources */ = {isa = PBXBuildFile; fileRef = 6ABFE228243909DD000217B5 /* GenresViewController.swift */; };
		6ACE9D3724399C25008009C3 /* SelectedObjectModel.xcdatamodeld in Sources */ = {isa = PBXBuildFile; fileRef = 6ACE9D3524399C25008009C3 /* SelectedObjectModel.xcdatamodeld */; };
		6AD0FD24243C2064006BF086 /* RadioPlayerViewController.swift in Sources */ = {isa = PBXBuildFile; fileRef = 6AD0FD23243C2064006BF086 /* RadioPlayerViewController.swift */; };
		6AD0FD26243C24D5006BF086 /* RadioStationViewController.swift in Sources */ = {isa = PBXBuildFile; fileRef = 6AD0FD25243C24D5006BF086 /* RadioStationViewController.swift */; };
		6AD0FD2D243C2B30006BF086 /* StationRadioTableViewCell.swift in Sources */ = {isa = PBXBuildFile; fileRef = 6AD0FD2C243C2B30006BF086 /* StationRadioTableViewCell.swift */; };
		6AD0FD31243C2DF4006BF086 /* RadioModel.swift in Sources */ = {isa = PBXBuildFile; fileRef = 6AD0FD30243C2DF4006BF086 /* RadioModel.swift */; };
		6AD0FD35243C426F006BF086 /* station.json in Resources */ = {isa = PBXBuildFile; fileRef = 6AD0FD34243C426E006BF086 /* station.json */; };
		6AD0FD37243C4350006BF086 /* ReadDataFromStationJSON.swift in Sources */ = {isa = PBXBuildFile; fileRef = 6AD0FD36243C4350006BF086 /* ReadDataFromStationJSON.swift */; };
		6AD42A01245013BA00917123 /* YouTubeTableViewCell.swift in Sources */ = {isa = PBXBuildFile; fileRef = 6AD42A00245013BA00917123 /* YouTubeTableViewCell.swift */; };
		6AD76C6B246C8D1000E76108 /* SearchVideoTableViewCell.swift in Sources */ = {isa = PBXBuildFile; fileRef = 6AD76C6A246C8D1000E76108 /* SearchVideoTableViewCell.swift */; };
/* End PBXBuildFile section */

/* Begin PBXFileReference section */
		34D4A304F8316D1B993148DF /* Pods_iTunes_Search.framework */ = {isa = PBXFileReference; explicitFileType = wrapper.framework; includeInIndex = 0; path = Pods_iTunes_Search.framework; sourceTree = BUILT_PRODUCTS_DIR; };
		649055253496FD6A84C08557 /* Pods-iTunes_Search.debug.xcconfig */ = {isa = PBXFileReference; includeInIndex = 1; lastKnownFileType = text.xcconfig; name = "Pods-iTunes_Search.debug.xcconfig"; path = "Pods/Target Support Files/Pods-iTunes_Search/Pods-iTunes_Search.debug.xcconfig"; sourceTree = "<group>"; };
		6A1375BE2433D09E0086113D /* Wave.app */ = {isa = PBXFileReference; explicitFileType = wrapper.application; includeInIndex = 0; path = Wave.app; sourceTree = BUILT_PRODUCTS_DIR; };
		6A1375C12433D09E0086113D /* AppDelegate.swift */ = {isa = PBXFileReference; lastKnownFileType = sourcecode.swift; path = AppDelegate.swift; sourceTree = "<group>"; };
		6A1375C32433D09E0086113D /* SceneDelegate.swift */ = {isa = PBXFileReference; lastKnownFileType = sourcecode.swift; path = SceneDelegate.swift; sourceTree = "<group>"; };
		6A1375C52433D09E0086113D /* SearchMusicViewController.swift */ = {isa = PBXFileReference; lastKnownFileType = sourcecode.swift; path = SearchMusicViewController.swift; sourceTree = "<group>"; };
		6A1375C82433D09E0086113D /* Base */ = {isa = PBXFileReference; lastKnownFileType = file.storyboard; name = Base; path = Base.lproj/Main.storyboard; sourceTree = "<group>"; };
		6A1375CA2433D09F0086113D /* Assets.xcassets */ = {isa = PBXFileReference; lastKnownFileType = folder.assetcatalog; path = Assets.xcassets; sourceTree = "<group>"; };
		6A1375CD2433D09F0086113D /* Base */ = {isa = PBXFileReference; lastKnownFileType = file.storyboard; name = Base; path = Base.lproj/LaunchScreen.storyboard; sourceTree = "<group>"; };
		6A1375CF2433D09F0086113D /* Info.plist */ = {isa = PBXFileReference; lastKnownFileType = text.plist.xml; path = Info.plist; sourceTree = "<group>"; };
		6A1375D52433D0D80086113D /* SearchConnection.swift */ = {isa = PBXFileReference; lastKnownFileType = sourcecode.swift; path = SearchConnection.swift; sourceTree = "<group>"; };
		6A1375DD2433F7370086113D /* AlbumModel.swift */ = {isa = PBXFileReference; lastKnownFileType = sourcecode.swift; path = AlbumModel.swift; sourceTree = "<group>"; };
		6A4165792457FB2E00910513 /* WelcomeViewController.swift */ = {isa = PBXFileReference; lastKnownFileType = sourcecode.swift; path = WelcomeViewController.swift; sourceTree = "<group>"; };
		6A41657B2458EF0C00910513 /* SelectedSectionViewController.swift */ = {isa = PBXFileReference; lastKnownFileType = sourcecode.swift; path = SelectedSectionViewController.swift; sourceTree = "<group>"; };
		6A41657D2458FC9B00910513 /* SelectedSectionTableViewCell.swift */ = {isa = PBXFileReference; lastKnownFileType = sourcecode.swift; path = SelectedSectionTableViewCell.swift; sourceTree = "<group>"; };
		6A433FB92464F7C700966F2A /* TabBarViewController.swift */ = {isa = PBXFileReference; lastKnownFileType = sourcecode.swift; path = TabBarViewController.swift; sourceTree = "<group>"; };
		6A464B0724564E0F00720D79 /* TopHitsTableViewCell.swift */ = {isa = PBXFileReference; lastKnownFileType = sourcecode.swift; path = TopHitsTableViewCell.swift; sourceTree = "<group>"; };
		6A48ECC324366485007A82D6 /* FutureMuviesModel.swift */ = {isa = PBXFileReference; lastKnownFileType = sourcecode.swift; path = FutureMuviesModel.swift; sourceTree = "<group>"; };
		6A48ECC524366802007A82D6 /* MuviesModel.swift */ = {isa = PBXFileReference; lastKnownFileType = sourcecode.swift; path = MuviesModel.swift; sourceTree = "<group>"; };
		6A4FD82C244B8D37000A8533 /* YouTubeViewController.swift */ = {isa = PBXFileReference; lastKnownFileType = sourcecode.swift; path = YouTubeViewController.swift; sourceTree = "<group>"; };
		6A51B846245F7CCC00F72DAF /* VideoPlayerClass.swift */ = {isa = PBXFileReference; lastKnownFileType = sourcecode.swift; path = VideoPlayerClass.swift; sourceTree = "<group>"; };
		6A5227D12453AABA00D77850 /* AddSelectedMusicToWaveViewController.swift */ = {isa = PBXFileReference; lastKnownFileType = sourcecode.swift; path = AddSelectedMusicToWaveViewController.swift; sourceTree = "<group>"; };
		6A5227D32453CEAE00D77850 /* MyLibraryTableViewCell.swift */ = {isa = PBXFileReference; lastKnownFileType = sourcecode.swift; path = MyLibraryTableViewCell.swift; sourceTree = "<group>"; };
		6A5227D52453DB4D00D77850 /* MyLibraryViewController.swift */ = {isa = PBXFileReference; lastKnownFileType = sourcecode.swift; path = MyLibraryViewController.swift; sourceTree = "<group>"; };
		6A56285F2454B38200CCEB63 /* MainLibrariMusciTableViewCell.swift */ = {isa = PBXFileReference; lastKnownFileType = sourcecode.swift; path = MainLibrariMusciTableViewCell.swift; sourceTree = "<group>"; };
		6A568CAB245A8C9F00487EDF /* SelectedCoutryCollectionViewCell.swift */ = {isa = PBXFileReference; lastKnownFileType = sourcecode.swift; path = SelectedCoutryCollectionViewCell.swift; sourceTree = "<group>"; };
		6A5A0CD72447DB0A005150D2 /* GenreModel.swift */ = {isa = PBXFileReference; lastKnownFileType = sourcecode.swift; path = GenreModel.swift; sourceTree = "<group>"; };
		6A5A0CD92448CFB7005150D2 /* GenreListViewController.swift */ = {isa = PBXFileReference; lastKnownFileType = sourcecode.swift; path = GenreListViewController.swift; sourceTree = "<group>"; };
		6A5A0CDB2448DCE7005150D2 /* GenreModelService.swift */ = {isa = PBXFileReference; lastKnownFileType = sourcecode.swift; path = GenreModelService.swift; sourceTree = "<group>"; };
		6A5A0CDD244969AE005150D2 /* YouTubeVideoModel.swift */ = {isa = PBXFileReference; lastKnownFileType = sourcecode.swift; path = YouTubeVideoModel.swift; sourceTree = "<group>"; };
		6A5A0CDF244970D1005150D2 /* YouTubeVideoConnectionModel.swift */ = {isa = PBXFileReference; lastKnownFileType = sourcecode.swift; path = YouTubeVideoConnectionModel.swift; sourceTree = "<group>"; };
		6A5A0CE1244971E0005150D2 /* GenreVideoTableViewCell.swift */ = {isa = PBXFileReference; lastKnownFileType = sourcecode.swift; path = GenreVideoTableViewCell.swift; sourceTree = "<group>"; };
		6A5FFEF0244D4E61006382DD /* WebKit.framework */ = {isa = PBXFileReference; lastKnownFileType = wrapper.framework; name = WebKit.framework; path = System/Library/Frameworks/WebKit.framework; sourceTree = SDKROOT; };
		6A66CFD024734514004B0C44 /* TopHitsCollectionViewCell.swift */ = {isa = PBXFileReference; lastKnownFileType = sourcecode.swift; path = TopHitsCollectionViewCell.swift; sourceTree = "<group>"; };
		6A66CFD224734522004B0C44 /* RecentPlayedCollectionViewCell.swift */ = {isa = PBXFileReference; lastKnownFileType = sourcecode.swift; path = RecentPlayedCollectionViewCell.swift; sourceTree = "<group>"; };
		6A66CFD42474A698004B0C44 /* FetchRecentPlayedVideo.swift */ = {isa = PBXFileReference; lastKnownFileType = sourcecode.swift; path = FetchRecentPlayedVideo.swift; sourceTree = "<group>"; };
		6ABBC27F245B822D002565E2 /* CardViewController.swift */ = {isa = PBXFileReference; lastKnownFileType = sourcecode.swift; path = CardViewController.swift; sourceTree = "<group>"; };
		6ABBC280245B822D002565E2 /* CardViewController.xib */ = {isa = PBXFileReference; lastKnownFileType = file.xib; path = CardViewController.xib; sourceTree = "<group>"; };
		6ABFE2262439099C000217B5 /* GenresCollectionViewCell.swift */ = {isa = PBXFileReference; lastKnownFileType = sourcecode.swift; path = GenresCollectionViewCell.swift; sourceTree = "<group>"; };
		6ABFE228243909DD000217B5 /* GenresViewController.swift */ = {isa = PBXFileReference; lastKnownFileType = sourcecode.swift; path = GenresViewController.swift; sourceTree = "<group>"; };
		6ACE9D3624399C25008009C3 /* Model.xcdatamodel */ = {isa = PBXFileReference; lastKnownFileType = wrapper.xcdatamodel; path = Model.xcdatamodel; sourceTree = "<group>"; };
		6AD0FD23243C2064006BF086 /* RadioPlayerViewController.swift */ = {isa = PBXFileReference; lastKnownFileType = sourcecode.swift; path = RadioPlayerViewController.swift; sourceTree = "<group>"; };
		6AD0FD25243C24D5006BF086 /* RadioStationViewController.swift */ = {isa = PBXFileReference; lastKnownFileType = sourcecode.swift; path = RadioStationViewController.swift; sourceTree = "<group>"; };
		6AD0FD2C243C2B30006BF086 /* StationRadioTableViewCell.swift */ = {isa = PBXFileReference; lastKnownFileType = sourcecode.swift; path = StationRadioTableViewCell.swift; sourceTree = "<group>"; };
		6AD0FD30243C2DF4006BF086 /* RadioModel.swift */ = {isa = PBXFileReference; lastKnownFileType = sourcecode.swift; path = RadioModel.swift; sourceTree = "<group>"; };
		6AD0FD34243C426E006BF086 /* station.json */ = {isa = PBXFileReference; fileEncoding = 4; lastKnownFileType = text.json; path = station.json; sourceTree = "<group>"; };
		6AD0FD36243C4350006BF086 /* ReadDataFromStationJSON.swift */ = {isa = PBXFileReference; lastKnownFileType = sourcecode.swift; path = ReadDataFromStationJSON.swift; sourceTree = "<group>"; };
		6AD42A00245013BA00917123 /* YouTubeTableViewCell.swift */ = {isa = PBXFileReference; lastKnownFileType = sourcecode.swift; path = YouTubeTableViewCell.swift; sourceTree = "<group>"; };
		6AD76C6A246C8D1000E76108 /* SearchVideoTableViewCell.swift */ = {isa = PBXFileReference; lastKnownFileType = sourcecode.swift; path = SearchVideoTableViewCell.swift; sourceTree = "<group>"; };
		6AFF2AF5245C9927007883A2 /* YouTubePlayer.framework */ = {isa = PBXFileReference; explicitFileType = wrapper.framework; path = YouTubePlayer.framework; sourceTree = BUILT_PRODUCTS_DIR; };
		D783280CA611A76D44F6747C /* Pods-iTunes_Search.release.xcconfig */ = {isa = PBXFileReference; includeInIndex = 1; lastKnownFileType = text.xcconfig; name = "Pods-iTunes_Search.release.xcconfig"; path = "Pods/Target Support Files/Pods-iTunes_Search/Pods-iTunes_Search.release.xcconfig"; sourceTree = "<group>"; };
/* End PBXFileReference section */

/* Begin PBXFrameworksBuildPhase section */
		6A1375BB2433D09E0086113D /* Frameworks */ = {
			isa = PBXFrameworksBuildPhase;
			buildActionMask = 2147483647;
			files = (
				6A4923FA245B3518008B8911 /* Pods_iTunes_Search.framework in Frameworks */,
				6A4923F7245B3516008B8911 /* WebKit.framework in Frameworks */,
			);
			runOnlyForDeploymentPostprocessing = 0;
		};
/* End PBXFrameworksBuildPhase section */

/* Begin PBXGroup section */
		6A1375B52433D09D0086113D = {
			isa = PBXGroup;
			children = (
				6A1375C02433D09E0086113D /* iTunes_Search */,
				6A1375BF2433D09E0086113D /* Products */,
				FD062CBB0F7B8719AA79E8A0 /* Pods */,
				F275C05A9D8551F9331A93C6 /* Frameworks */,
			);
			sourceTree = "<group>";
		};
		6A1375BF2433D09E0086113D /* Products */ = {
			isa = PBXGroup;
			children = (
				6A1375BE2433D09E0086113D /* Wave.app */,
			);
			name = Products;
			sourceTree = "<group>";
		};
		6A1375C02433D09E0086113D /* iTunes_Search */ = {
			isa = PBXGroup;
			children = (
				6A1375C12433D09E0086113D /* AppDelegate.swift */,
				6A1375C32433D09E0086113D /* SceneDelegate.swift */,
				6A4165782457AFE600910513 /* DataService */,
				6AD0FD29243C29CC006BF086 /* Data */,
				6A1375E3243435160086113D /* Model */,
				6A1375CA2433D09F0086113D /* Assets.xcassets */,
				6ACE9D3524399C25008009C3 /* SelectedObjectModel.xcdatamodeld */,
				6A1375C72433D09E0086113D /* Main.storyboard */,
				6ABBC280245B822D002565E2 /* CardViewController.xib */,
				6A1375CC2433D09F0086113D /* LaunchScreen.storyboard */,
				6A1375CF2433D09F0086113D /* Info.plist */,
			);
			path = iTunes_Search;
			sourceTree = "<group>";
		};
		6A1375E3243435160086113D /* Model */ = {
			isa = PBXGroup;
			children = (
				6A5A0CDB2448DCE7005150D2 /* GenreModelService.swift */,
				6A5A0CDD244969AE005150D2 /* YouTubeVideoModel.swift */,
				6A1375DD2433F7370086113D /* AlbumModel.swift */,
				6A5A0CD72447DB0A005150D2 /* GenreModel.swift */,
				6A48ECC524366802007A82D6 /* MuviesModel.swift */,
				6AD0FD30243C2DF4006BF086 /* RadioModel.swift */,
				6A51B846245F7CCC00F72DAF /* VideoPlayerClass.swift */,
				6A1375E52434354F0086113D /* View */,
				6A1375E4243435300086113D /* Controller */,
			);
			path = Model;
			sourceTree = "<group>";
		};
		6A1375E4243435300086113D /* Controller */ = {
			isa = PBXGroup;
			children = (
				6A4165792457FB2E00910513 /* WelcomeViewController.swift */,
				6A433FB92464F7C700966F2A /* TabBarViewController.swift */,
				6A5227D52453DB4D00D77850 /* MyLibraryViewController.swift */,
				6A41657B2458EF0C00910513 /* SelectedSectionViewController.swift */,
				6A1375C52433D09E0086113D /* SearchMusicViewController.swift */,
				6ABFE228243909DD000217B5 /* GenresViewController.swift */,
				6A5A0CD92448CFB7005150D2 /* GenreListViewController.swift */,
				6A4FD82C244B8D37000A8533 /* YouTubeViewController.swift */,
				6A5227D12453AABA00D77850 /* AddSelectedMusicToWaveViewController.swift */,
				6ABBC27F245B822D002565E2 /* CardViewController.swift */,
				6AD0FD25243C24D5006BF086 /* RadioStationViewController.swift */,
				6AD0FD23243C2064006BF086 /* RadioPlayerViewController.swift */,
			);
			path = Controller;
			sourceTree = "<group>";
		};
		6A1375E52434354F0086113D /* View */ = {
			isa = PBXGroup;
			children = (
				6AD76C6A246C8D1000E76108 /* SearchVideoTableViewCell.swift */,
				6A5A0CE1244971E0005150D2 /* GenreVideoTableViewCell.swift */,
				6AD42A00245013BA00917123 /* YouTubeTableViewCell.swift */,
				6A5227D32453CEAE00D77850 /* MyLibraryTableViewCell.swift */,
				6A56285F2454B38200CCEB63 /* MainLibrariMusciTableViewCell.swift */,
				6A464B0724564E0F00720D79 /* TopHitsTableViewCell.swift */,
				6A66CFD024734514004B0C44 /* TopHitsCollectionViewCell.swift */,
				6A66CFD224734522004B0C44 /* RecentPlayedCollectionViewCell.swift */,
				6A41657D2458FC9B00910513 /* SelectedSectionTableViewCell.swift */,
				6ABFE2262439099C000217B5 /* GenresCollectionViewCell.swift */,
				6A568CAB245A8C9F00487EDF /* SelectedCoutryCollectionViewCell.swift */,
				6AD0FD2C243C2B30006BF086 /* StationRadioTableViewCell.swift */,
			);
			path = View;
			sourceTree = "<group>";
		};
		6A4165782457AFE600910513 /* DataService */ = {
			isa = PBXGroup;
			children = (
				6A5A0CDF244970D1005150D2 /* YouTubeVideoConnectionModel.swift */,
				6A48ECC324366485007A82D6 /* FutureMuviesModel.swift */,
				6A1375D52433D0D80086113D /* SearchConnection.swift */,
				6AD0FD36243C4350006BF086 /* ReadDataFromStationJSON.swift */,
				6A66CFD42474A698004B0C44 /* FetchRecentPlayedVideo.swift */,
			);
			path = DataService;
			sourceTree = "<group>";
		};
		6AD0FD29243C29CC006BF086 /* Data */ = {
			isa = PBXGroup;
			children = (
				6AD0FD34243C426E006BF086 /* station.json */,
			);
			path = Data;
			sourceTree = "<group>";
		};
		F275C05A9D8551F9331A93C6 /* Frameworks */ = {
			isa = PBXGroup;
			children = (
				6AFF2AF5245C9927007883A2 /* YouTubePlayer.framework */,
				6A5FFEF0244D4E61006382DD /* WebKit.framework */,
				34D4A304F8316D1B993148DF /* Pods_iTunes_Search.framework */,
			);
			name = Frameworks;
			sourceTree = "<group>";
		};
		FD062CBB0F7B8719AA79E8A0 /* Pods */ = {
			isa = PBXGroup;
			children = (
				649055253496FD6A84C08557 /* Pods-iTunes_Search.debug.xcconfig */,
				D783280CA611A76D44F6747C /* Pods-iTunes_Search.release.xcconfig */,
			);
			name = Pods;
			sourceTree = "<group>";
		};
/* End PBXGroup section */

/* Begin PBXNativeTarget section */
		6A1375BD2433D09E0086113D /* iTunes_Search */ = {
			isa = PBXNativeTarget;
			buildConfigurationList = 6A1375D22433D09F0086113D /* Build configuration list for PBXNativeTarget "iTunes_Search" */;
			buildPhases = (
				AF85A69936BDFFB4858F0831 /* [CP] Check Pods Manifest.lock */,
				6A1375BA2433D09E0086113D /* Sources */,
				6A1375BB2433D09E0086113D /* Frameworks */,
				6A1375BC2433D09E0086113D /* Resources */,
				18CAE7530C91B2EF0B749939 /* [CP] Embed Pods Frameworks */,
			);
			buildRules = (
			);
			dependencies = (
			);
			name = iTunes_Search;
			productName = iTunes_Search;
			productReference = 6A1375BE2433D09E0086113D /* Wave.app */;
			productType = "com.apple.product-type.application";
		};
/* End PBXNativeTarget section */

/* Begin PBXProject section */
		6A1375B62433D09D0086113D /* Project object */ = {
			isa = PBXProject;
			attributes = {
				LastSwiftUpdateCheck = 1140;
				LastUpgradeCheck = 1140;
				ORGANIZATIONNAME = Malkhasyan;
				TargetAttributes = {
					6A1375BD2433D09E0086113D = {
						CreatedOnToolsVersion = 11.4;
					};
				};
			};
			buildConfigurationList = 6A1375B92433D09D0086113D /* Build configuration list for PBXProject "iTunes_Search" */;
			compatibilityVersion = "Xcode 9.3";
			developmentRegion = en;
			hasScannedForEncodings = 0;
			knownRegions = (
				en,
				Base,
			);
			mainGroup = 6A1375B52433D09D0086113D;
			productRefGroup = 6A1375BF2433D09E0086113D /* Products */;
			projectDirPath = "";
			projectRoot = "";
			targets = (
				6A1375BD2433D09E0086113D /* iTunes_Search */,
			);
		};
/* End PBXProject section */

/* Begin PBXResourcesBuildPhase section */
		6A1375BC2433D09E0086113D /* Resources */ = {
			isa = PBXResourcesBuildPhase;
			buildActionMask = 2147483647;
			files = (
				6A1375CE2433D09F0086113D /* LaunchScreen.storyboard in Resources */,
				6A1375CB2433D09F0086113D /* Assets.xcassets in Resources */,
				6ABBC282245B822D002565E2 /* CardViewController.xib in Resources */,
				6AD0FD35243C426F006BF086 /* station.json in Resources */,
				6A1375C92433D09E0086113D /* Main.storyboard in Resources */,
			);
			runOnlyForDeploymentPostprocessing = 0;
		};
/* End PBXResourcesBuildPhase section */

/* Begin PBXShellScriptBuildPhase section */
		18CAE7530C91B2EF0B749939 /* [CP] Embed Pods Frameworks */ = {
			isa = PBXShellScriptBuildPhase;
			buildActionMask = 2147483647;
			files = (
			);
			inputPaths = (
				"${SRCROOT}/Pods/Target Support Files/Pods-iTunes_Search/Pods-iTunes_Search-frameworks.sh",
				"${BUILT_PRODUCTS_DIR}/Alamofire/Alamofire.framework",
				"${BUILT_PRODUCTS_DIR}/YoutubePlayer-in-WKWebView/YoutubePlayer_in_WKWebView.framework",
			);
			name = "[CP] Embed Pods Frameworks";
			outputPaths = (
				"${TARGET_BUILD_DIR}/${FRAMEWORKS_FOLDER_PATH}/Alamofire.framework",
				"${TARGET_BUILD_DIR}/${FRAMEWORKS_FOLDER_PATH}/YoutubePlayer_in_WKWebView.framework",
			);
			runOnlyForDeploymentPostprocessing = 0;
			shellPath = /bin/sh;
			shellScript = "\"${SRCROOT}/Pods/Target Support Files/Pods-iTunes_Search/Pods-iTunes_Search-frameworks.sh\"\n";
			showEnvVarsInLog = 0;
		};
		AF85A69936BDFFB4858F0831 /* [CP] Check Pods Manifest.lock */ = {
			isa = PBXShellScriptBuildPhase;
			buildActionMask = 2147483647;
			files = (
			);
			inputPaths = (
				"${PODS_PODFILE_DIR_PATH}/Podfile.lock",
				"${PODS_ROOT}/Manifest.lock",
			);
			name = "[CP] Check Pods Manifest.lock";
			outputPaths = (
				"$(DERIVED_FILE_DIR)/Pods-iTunes_Search-checkManifestLockResult.txt",
			);
			runOnlyForDeploymentPostprocessing = 0;
			shellPath = /bin/sh;
			shellScript = "diff \"${PODS_PODFILE_DIR_PATH}/Podfile.lock\" \"${PODS_ROOT}/Manifest.lock\" > /dev/null\nif [ $? != 0 ] ; then\n    # print error to STDERR\n    echo \"error: The sandbox is not in sync with the Podfile.lock. Run 'pod install' or update your CocoaPods installation.\" >&2\n    exit 1\nfi\n# This output is used by Xcode 'outputs' to avoid re-running this script phase.\necho \"SUCCESS\" > \"${SCRIPT_OUTPUT_FILE_0}\"\n";
			showEnvVarsInLog = 0;
		};
/* End PBXShellScriptBuildPhase section */

/* Begin PBXSourcesBuildPhase section */
		6A1375BA2433D09E0086113D /* Sources */ = {
			isa = PBXSourcesBuildPhase;
			buildActionMask = 2147483647;
			files = (
				6AD0FD26243C24D5006BF086 /* RadioStationViewController.swift in Sources */,
				6A5A0CE2244971E0005150D2 /* GenreVideoTableViewCell.swift in Sources */,
				6A5A0CD82447DB0A005150D2 /* GenreModel.swift in Sources */,
				6A464B0824564E0F00720D79 /* TopHitsTableViewCell.swift in Sources */,
				6A5628602454B38200CCEB63 /* MainLibrariMusciTableViewCell.swift in Sources */,
				6A5A0CDA2448CFB7005150D2 /* GenreListViewController.swift in Sources */,
				6A1375C62433D09E0086113D /* SearchMusicViewController.swift in Sources */,
				6AD76C6B246C8D1000E76108 /* SearchVideoTableViewCell.swift in Sources */,
				6A5A0CDC2448DCE7005150D2 /* GenreModelService.swift in Sources */,
				6A48ECC624366802007A82D6 /* MuviesModel.swift in Sources */,
				6A433FBA2464F7C700966F2A /* TabBarViewController.swift in Sources */,
				6AD0FD24243C2064006BF086 /* RadioPlayerViewController.swift in Sources */,
				6A5227D22453AABA00D77850 /* AddSelectedMusicToWaveViewController.swift in Sources */,
				6ABFE229243909DD000217B5 /* GenresViewController.swift in Sources */,
				6A66CFD324734522004B0C44 /* RecentPlayedCollectionViewCell.swift in Sources */,
				6A51B847245F7CCC00F72DAF /* VideoPlayerClass.swift in Sources */,
				6AD0FD37243C4350006BF086 /* ReadDataFromStationJSON.swift in Sources */,
				6A41657C2458EF0D00910513 /* SelectedSectionViewController.swift in Sources */,
				6A568CAC245A8C9F00487EDF /* SelectedCoutryCollectionViewCell.swift in Sources */,
				6A5227D62453DB4D00D77850 /* MyLibraryViewController.swift in Sources */,
				6A1375DE2433F7370086113D /* AlbumModel.swift in Sources */,
				6A66CFD124734514004B0C44 /* TopHitsCollectionViewCell.swift in Sources */,
				6ABBC281245B822D002565E2 /* CardViewController.swift in Sources */,
				6A66CFD52474A698004B0C44 /* FetchRecentPlayedVideo.swift in Sources */,
				6A48ECC424366485007A82D6 /* FutureMuviesModel.swift in Sources */,
				6A41657E2458FC9B00910513 /* SelectedSectionTableViewCell.swift in Sources */,
				6AD42A01245013BA00917123 /* YouTubeTableViewCell.swift in Sources */,
				6AD0FD2D243C2B30006BF086 /* StationRadioTableViewCell.swift in Sources */,
				6A5227D42453CEAE00D77850 /* MyLibraryTableViewCell.swift in Sources */,
				6AD0FD31243C2DF4006BF086 /* RadioModel.swift in Sources */,
				6ABFE2272439099C000217B5 /* GenresCollectionViewCell.swift in Sources */,
				6A1375D62433D0D80086113D /* SearchConnection.swift in Sources */,
				6A41657A2457FB2E00910513 /* WelcomeViewController.swift in Sources */,
				6A1375C22433D09E0086113D /* AppDelegate.swift in Sources */,
				6A5A0CE0244970D1005150D2 /* YouTubeVideoConnectionModel.swift in Sources */,
				6ACE9D3724399C25008009C3 /* SelectedObjectModel.xcdatamodeld in Sources */,
				6A5A0CDE244969AE005150D2 /* YouTubeVideoModel.swift in Sources */,
				6A4FD82D244B8D37000A8533 /* YouTubeViewController.swift in Sources */,
				6A1375C42433D09E0086113D /* SceneDelegate.swift in Sources */,
			);
			runOnlyForDeploymentPostprocessing = 0;
		};
/* End PBXSourcesBuildPhase section */

/* Begin PBXVariantGroup section */
		6A1375C72433D09E0086113D /* Main.storyboard */ = {
			isa = PBXVariantGroup;
			children = (
				6A1375C82433D09E0086113D /* Base */,
			);
			name = Main.storyboard;
			sourceTree = "<group>";
		};
		6A1375CC2433D09F0086113D /* LaunchScreen.storyboard */ = {
			isa = PBXVariantGroup;
			children = (
				6A1375CD2433D09F0086113D /* Base */,
			);
			name = LaunchScreen.storyboard;
			sourceTree = "<group>";
		};
/* End PBXVariantGroup section */

/* Begin XCBuildConfiguration section */
		6A1375D02433D09F0086113D /* Debug */ = {
			isa = XCBuildConfiguration;
			buildSettings = {
				ALWAYS_SEARCH_USER_PATHS = NO;
				CLANG_ANALYZER_NONNULL = YES;
				CLANG_ANALYZER_NUMBER_OBJECT_CONVERSION = YES_AGGRESSIVE;
				CLANG_CXX_LANGUAGE_STANDARD = "gnu++14";
				CLANG_CXX_LIBRARY = "libc++";
				CLANG_ENABLE_MODULES = YES;
				CLANG_ENABLE_OBJC_ARC = YES;
				CLANG_ENABLE_OBJC_WEAK = YES;
				CLANG_WARN_BLOCK_CAPTURE_AUTORELEASING = YES;
				CLANG_WARN_BOOL_CONVERSION = YES;
				CLANG_WARN_COMMA = YES;
				CLANG_WARN_CONSTANT_CONVERSION = YES;
				CLANG_WARN_DEPRECATED_OBJC_IMPLEMENTATIONS = YES;
				CLANG_WARN_DIRECT_OBJC_ISA_USAGE = YES_ERROR;
				CLANG_WARN_DOCUMENTATION_COMMENTS = YES;
				CLANG_WARN_EMPTY_BODY = YES;
				CLANG_WARN_ENUM_CONVERSION = YES;
				CLANG_WARN_INFINITE_RECURSION = YES;
				CLANG_WARN_INT_CONVERSION = YES;
				CLANG_WARN_NON_LITERAL_NULL_CONVERSION = YES;
				CLANG_WARN_OBJC_IMPLICIT_RETAIN_SELF = YES;
				CLANG_WARN_OBJC_LITERAL_CONVERSION = YES;
				CLANG_WARN_OBJC_ROOT_CLASS = YES_ERROR;
				CLANG_WARN_RANGE_LOOP_ANALYSIS = YES;
				CLANG_WARN_STRICT_PROTOTYPES = YES;
				CLANG_WARN_SUSPICIOUS_MOVE = YES;
				CLANG_WARN_UNGUARDED_AVAILABILITY = YES_AGGRESSIVE;
				CLANG_WARN_UNREACHABLE_CODE = YES;
				CLANG_WARN__DUPLICATE_METHOD_MATCH = YES;
				COPY_PHASE_STRIP = NO;
				DEBUG_INFORMATION_FORMAT = dwarf;
				ENABLE_STRICT_OBJC_MSGSEND = YES;
				ENABLE_TESTABILITY = YES;
				GCC_C_LANGUAGE_STANDARD = gnu11;
				GCC_DYNAMIC_NO_PIC = NO;
				GCC_NO_COMMON_BLOCKS = YES;
				GCC_OPTIMIZATION_LEVEL = 0;
				GCC_PREPROCESSOR_DEFINITIONS = (
					"DEBUG=1",
					"$(inherited)",
				);
				GCC_WARN_64_TO_32_BIT_CONVERSION = YES;
				GCC_WARN_ABOUT_RETURN_TYPE = YES_ERROR;
				GCC_WARN_UNDECLARED_SELECTOR = YES;
				GCC_WARN_UNINITIALIZED_AUTOS = YES_AGGRESSIVE;
				GCC_WARN_UNUSED_FUNCTION = YES;
				GCC_WARN_UNUSED_VARIABLE = YES;
				IPHONEOS_DEPLOYMENT_TARGET = 13.4;
				MTL_ENABLE_DEBUG_INFO = INCLUDE_SOURCE;
				MTL_FAST_MATH = YES;
				ONLY_ACTIVE_ARCH = YES;
				SDKROOT = iphoneos;
				SWIFT_ACTIVE_COMPILATION_CONDITIONS = DEBUG;
				SWIFT_OPTIMIZATION_LEVEL = "-Onone";
			};
			name = Debug;
		};
		6A1375D12433D09F0086113D /* Release */ = {
			isa = XCBuildConfiguration;
			buildSettings = {
				ALWAYS_SEARCH_USER_PATHS = NO;
				CLANG_ANALYZER_NONNULL = YES;
				CLANG_ANALYZER_NUMBER_OBJECT_CONVERSION = YES_AGGRESSIVE;
				CLANG_CXX_LANGUAGE_STANDARD = "gnu++14";
				CLANG_CXX_LIBRARY = "libc++";
				CLANG_ENABLE_MODULES = YES;
				CLANG_ENABLE_OBJC_ARC = YES;
				CLANG_ENABLE_OBJC_WEAK = YES;
				CLANG_WARN_BLOCK_CAPTURE_AUTORELEASING = YES;
				CLANG_WARN_BOOL_CONVERSION = YES;
				CLANG_WARN_COMMA = YES;
				CLANG_WARN_CONSTANT_CONVERSION = YES;
				CLANG_WARN_DEPRECATED_OBJC_IMPLEMENTATIONS = YES;
				CLANG_WARN_DIRECT_OBJC_ISA_USAGE = YES_ERROR;
				CLANG_WARN_DOCUMENTATION_COMMENTS = YES;
				CLANG_WARN_EMPTY_BODY = YES;
				CLANG_WARN_ENUM_CONVERSION = YES;
				CLANG_WARN_INFINITE_RECURSION = YES;
				CLANG_WARN_INT_CONVERSION = YES;
				CLANG_WARN_NON_LITERAL_NULL_CONVERSION = YES;
				CLANG_WARN_OBJC_IMPLICIT_RETAIN_SELF = YES;
				CLANG_WARN_OBJC_LITERAL_CONVERSION = YES;
				CLANG_WARN_OBJC_ROOT_CLASS = YES_ERROR;
				CLANG_WARN_RANGE_LOOP_ANALYSIS = YES;
				CLANG_WARN_STRICT_PROTOTYPES = YES;
				CLANG_WARN_SUSPICIOUS_MOVE = YES;
				CLANG_WARN_UNGUARDED_AVAILABILITY = YES_AGGRESSIVE;
				CLANG_WARN_UNREACHABLE_CODE = YES;
				CLANG_WARN__DUPLICATE_METHOD_MATCH = YES;
				COPY_PHASE_STRIP = NO;
				DEBUG_INFORMATION_FORMAT = "dwarf-with-dsym";
				ENABLE_NS_ASSERTIONS = NO;
				ENABLE_STRICT_OBJC_MSGSEND = YES;
				GCC_C_LANGUAGE_STANDARD = gnu11;
				GCC_NO_COMMON_BLOCKS = YES;
				GCC_WARN_64_TO_32_BIT_CONVERSION = YES;
				GCC_WARN_ABOUT_RETURN_TYPE = YES_ERROR;
				GCC_WARN_UNDECLARED_SELECTOR = YES;
				GCC_WARN_UNINITIALIZED_AUTOS = YES_AGGRESSIVE;
				GCC_WARN_UNUSED_FUNCTION = YES;
				GCC_WARN_UNUSED_VARIABLE = YES;
				IPHONEOS_DEPLOYMENT_TARGET = 13.4;
				MTL_ENABLE_DEBUG_INFO = NO;
				MTL_FAST_MATH = YES;
				SDKROOT = iphoneos;
				SWIFT_COMPILATION_MODE = wholemodule;
				SWIFT_OPTIMIZATION_LEVEL = "-O";
				VALIDATE_PRODUCT = YES;
			};
			name = Release;
		};
		6A1375D32433D09F0086113D /* Debug */ = {
			isa = XCBuildConfiguration;
			baseConfigurationReference = 649055253496FD6A84C08557 /* Pods-iTunes_Search.debug.xcconfig */;
			buildSettings = {
				ASSETCATALOG_COMPILER_APPICON_NAME = AppIcon;
				CODE_SIGN_IDENTITY = "Apple Development";
				CODE_SIGN_STYLE = Automatic;
				DEVELOPMENT_TEAM = 4XLSSR63Y5;
				INFOPLIST_FILE = iTunes_Search/Info.plist;
				IPHONEOS_DEPLOYMENT_TARGET = 13.1;
				LD_RUNPATH_SEARCH_PATHS = (
					"$(inherited)",
					"@executable_path/Frameworks",
				);
				PRODUCT_BUNDLE_IDENTIFIER = "search.Wave-Music";
				PRODUCT_NAME = Wave;
				PROVISIONING_PROFILE_SPECIFIER = "";
				SWIFT_VERSION = 5.0;
				TARGETED_DEVICE_FAMILY = "1,2";
			};
			name = Debug;
		};
		6A1375D42433D09F0086113D /* Release */ = {
			isa = XCBuildConfiguration;
			baseConfigurationReference = D783280CA611A76D44F6747C /* Pods-iTunes_Search.release.xcconfig */;
			buildSettings = {
				ASSETCATALOG_COMPILER_APPICON_NAME = AppIcon;
				CODE_SIGN_IDENTITY = "Apple Development";
				CODE_SIGN_STYLE = Automatic;
				DEVELOPMENT_TEAM = 4XLSSR63Y5;
				INFOPLIST_FILE = iTunes_Search/Info.plist;
				IPHONEOS_DEPLOYMENT_TARGET = 13.1;
				LD_RUNPATH_SEARCH_PATHS = (
					"$(inherited)",
					"@executable_path/Frameworks",
				);
				PRODUCT_BUNDLE_IDENTIFIER = "search.Wave-Music";
				PRODUCT_NAME = Wave;
				PROVISIONING_PROFILE_SPECIFIER = "";
				SWIFT_VERSION = 5.0;
				TARGETED_DEVICE_FAMILY = "1,2";
			};
			name = Release;
		};
/* End XCBuildConfiguration section */

/* Begin XCConfigurationList section */
		6A1375B92433D09D0086113D /* Build configuration list for PBXProject "iTunes_Search" */ = {
			isa = XCConfigurationList;
			buildConfigurations = (
				6A1375D02433D09F0086113D /* Debug */,
				6A1375D12433D09F0086113D /* Release */,
			);
			defaultConfigurationIsVisible = 0;
			defaultConfigurationName = Release;
		};
		6A1375D22433D09F0086113D /* Build configuration list for PBXNativeTarget "iTunes_Search" */ = {
			isa = XCConfigurationList;
			buildConfigurations = (
				6A1375D32433D09F0086113D /* Debug */,
				6A1375D42433D09F0086113D /* Release */,
			);
			defaultConfigurationIsVisible = 0;
			defaultConfigurationName = Release;
		};
/* End XCConfigurationList section */

/* Begin XCVersionGroup section */
		6ACE9D3524399C25008009C3 /* SelectedObjectModel.xcdatamodeld */ = {
			isa = XCVersionGroup;
			children = (
				6ACE9D3624399C25008009C3 /* Model.xcdatamodel */,
			);
			currentVersion = 6ACE9D3624399C25008009C3 /* Model.xcdatamodel */;
			path = SelectedObjectModel.xcdatamodeld;
			sourceTree = "<group>";
			versionGroupType = wrapper.xcdatamodel;
		};
/* End XCVersionGroup section */
	};
	rootObject = 6A1375B62433D09D0086113D /* Project object */;
}
